
Microsoft Visual Studio Solution File, Format Version 12.00
# Visual Studio Version 17
VisualStudioVersion = 17.3.32825.248
MinimumVisualStudioVersion = 10.0.40219.1
Project("{9A19103F-16F7-4668-BE54-9A1E7A4F7556}") = "TestIssueForMindBox", "TestIssueForMindBox\TestIssueForMindBox.csproj", "{0E26E8F5-90BD-442E-B91B-5E3686F62019}"
EndProject
Project("{FAE04EC0-301F-11D3-BF4B-00C04F79EFBC}") = "TestProjectForTriangle", "TestProjectForTriange\TestProjectForTriangle.csproj", "{118BDD8E-1BD6-499D-8627-66349B380C60}"
EndProject
Project("{FAE04EC0-301F-11D3-BF4B-00C04F79EFBC}") = "UnitTestForCircle", "UnitTestForCircle\UnitTestForCircle.csproj", "{52D28ED6-192F-47AF-8331-8E2799022CAA}"
EndProject
Global
	GlobalSection(SolutionConfigurationPlatforms) = preSolution
		Debug|Any CPU = Debug|Any CPU
		Release|Any CPU = Release|Any CPU
	EndGlobalSection
	GlobalSection(ProjectConfigurationPlatforms) = postSolution
		{0E26E8F5-90BD-442E-B91B-5E3686F62019}.Debug|Any CPU.ActiveCfg = Debug|Any CPU
		{0E26E8F5-90BD-442E-B91B-5E3686F62019}.Debug|Any CPU.Build.0 = Debug|Any CPU
		{0E26E8F5-90BD-442E-B91B-5E3686F62019}.Release|Any CPU.ActiveCfg = Release|Any CPU
		{0E26E8F5-90BD-442E-B91B-5E3686F62019}.Release|Any CPU.Build.0 = Release|Any CPU
		{118BDD8E-1BD6-499D-8627-66349B380C60}.Debug|Any CPU.ActiveCfg = Debug|Any CPU
		{118BDD8E-1BD6-499D-8627-66349B380C60}.Debug|Any CPU.Build.0 = Debug|Any CPU
		{118BDD8E-1BD6-499D-8627-66349B380C60}.Release|Any CPU.ActiveCfg = Release|Any CPU
		{118BDD8E-1BD6-499D-8627-66349B380C60}.Release|Any CPU.Build.0 = Release|Any CPU
		{52D28ED6-192F-47AF-8331-8E2799022CAA}.Debug|Any CPU.ActiveCfg = Debug|Any CPU
		{52D28ED6-192F-47AF-8331-8E2799022CAA}.Debug|Any CPU.Build.0 = Debug|Any CPU
		{52D28ED6-192F-47AF-8331-8E2799022CAA}.Release|Any CPU.ActiveCfg = Release|Any CPU
		{52D28ED6-192F-47AF-8331-8E2799022CAA}.Release|Any CPU.Build.0 = Release|Any CPU
	EndGlobalSection
	GlobalSection(SolutionProperties) = preSolution
		HideSolutionNode = FALSE
	EndGlobalSection
	GlobalSection(ExtensibilityGlobals) = postSolution
		SolutionGuid = {34C535ED-BCF6-496E-8004-3C2E3FAE6182}
	EndGlobalSection
EndGlobal
